
Microsoft Visual Studio Solution File, Format Version 11.00
# Visual Studio 2010
Project("{FAE04EC0-301F-11D3-BF4B-00C04F79EFBC}") = "WindowsApplication18", "WindowsApplication18\WindowsApplication18.csproj", "{6AFB21EE-201B-4CFD-9589-7C36DD290FCC}"
EndProject
Global
	GlobalSection(SolutionConfigurationPlatforms) = preSolution
		Debug|Any CPU = Debug|Any CPU
		Release|Any CPU = Release|Any CPU
	EndGlobalSection
	GlobalSection(ProjectConfigurationPlatforms) = postSolution
		{6AFB21EE-201B-4CFD-9589-7C36DD290FCC}.Debug|Any CPU.ActiveCfg = Debug|Any CPU
		{6AFB21EE-201B-4CFD-9589-7C36DD290FCC}.Debug|Any CPU.Build.0 = Debug|Any CPU
		{6AFB21EE-201B-4CFD-9589-7C36DD290FCC}.Release|Any CPU.ActiveCfg = Release|Any CPU
		{6AFB21EE-201B-4CFD-9589-7C36DD290FCC}.Release|Any CPU.Build.0 = Release|Any CPU
	EndGlobalSection
	GlobalSection(SolutionProperties) = preSolution
		HideSolutionNode = FALSE
	EndGlobalSection
EndGlobal
